// !$*UTF8*$!
{
	archiveVersion = 1;
	classes = {
	};
	objectVersion = 50;
	objects = {

/* Begin PBXBuildFile section */
		3F70D1B1AF84CE156129BEE7 /* Pods_TV_Rehberim.framework in Frameworks */ = {isa = PBXBuildFile; fileRef = CBB3445AF68B2350D7087383 /* Pods_TV_Rehberim.framework */; };
		F253310A21EFF2CD007B7BEC /* SearchBar.swift in Sources */ = {isa = PBXBuildFile; fileRef = F253310921EFF2CD007B7BEC /* SearchBar.swift */; };
		F271BCAF21F3376900D8A974 /* functions.swift in Sources */ = {isa = PBXBuildFile; fileRef = F271BCAE21F3376900D8A974 /* functions.swift */; };
		F278E96421E2675100C7425E /* AppDelegate.swift in Sources */ = {isa = PBXBuildFile; fileRef = F278E96321E2675100C7425E /* AppDelegate.swift */; };
		F278E96B21E2675100C7425E /* Main.storyboard in Resources */ = {isa = PBXBuildFile; fileRef = F278E96921E2675100C7425E /* Main.storyboard */; };
		F278E96D21E2676600C7425E /* Assets.xcassets in Resources */ = {isa = PBXBuildFile; fileRef = F278E96C21E2676600C7425E /* Assets.xcassets */; };
		F278E97021E2676600C7425E /* LaunchScreen.storyboard in Resources */ = {isa = PBXBuildFile; fileRef = F278E96E21E2676600C7425E /* LaunchScreen.storyboard */; };
		F278E97821E2759B00C7425E /* channelsVC.swift in Sources */ = {isa = PBXBuildFile; fileRef = F278E97721E2759B00C7425E /* channelsVC.swift */; };
		F278E97E21E27CA900C7425E /* channelsCVCell.swift in Sources */ = {isa = PBXBuildFile; fileRef = F278E97D21E27CA900C7425E /* channelsCVCell.swift */; };
		F278E98021E2850E00C7425E /* jsonData.swift in Sources */ = {isa = PBXBuildFile; fileRef = F278E97F21E2850E00C7425E /* jsonData.swift */; };
		F278E98421E4AAD900C7425E /* categoryCVCell.swift in Sources */ = {isa = PBXBuildFile; fileRef = F278E98321E4AAD900C7425E /* categoryCVCell.swift */; };
		F2B75B932201111800E42950 /* remindedProgrammeVC.swift in Sources */ = {isa = PBXBuildFile; fileRef = F2B75B922201111800E42950 /* remindedProgrammeVC.swift */; };
		F2B75B952202690500E42950 /* programmeDetailVC.swift in Sources */ = {isa = PBXBuildFile; fileRef = F2B75B942202690500E42950 /* programmeDetailVC.swift */; };
		F2C81AFF22077F9B0008F983 /* moreVC.swift in Sources */ = {isa = PBXBuildFile; fileRef = F2C81AFE22077F9B0008F983 /* moreVC.swift */; };
		F2C81B022207A32F0008F983 /* aboutVC.swift in Sources */ = {isa = PBXBuildFile; fileRef = F2C81B012207A32F0008F983 /* aboutVC.swift */; };
		F2EAFA3E2209766D0089F6F7 /* ViewControllerPannable.swift in Sources */ = {isa = PBXBuildFile; fileRef = F2EAFA3D2209766D0089F6F7 /* ViewControllerPannable.swift */; };
		F2F1832322CA5C5B00292E6D /* storeReviewHelper.swift in Sources */ = {isa = PBXBuildFile; fileRef = F2F1832222CA5C5B00292E6D /* storeReviewHelper.swift */; };
		F2F1832522CA643500292E6D /* bg.png in Resources */ = {isa = PBXBuildFile; fileRef = F2F1832422CA643500292E6D /* bg.png */; };
		F2F6BB1421F143B700779E6C /* channelDetailVC.swift in Sources */ = {isa = PBXBuildFile; fileRef = F2F6BB1321F143B700779E6C /* channelDetailVC.swift */; };
		F2F6BB1721F145B400779E6C /* channelTVCell.swift in Sources */ = {isa = PBXBuildFile; fileRef = F2F6BB1621F145B400779E6C /* channelTVCell.swift */; };
/* End PBXBuildFile section */

/* Begin PBXFileReference section */
		39A060A003F9941900472F9C /* Pods-TV Rehberim.release.xcconfig */ = {isa = PBXFileReference; includeInIndex = 1; lastKnownFileType = text.xcconfig; name = "Pods-TV Rehberim.release.xcconfig"; path = "Pods/Target Support Files/Pods-TV Rehberim/Pods-TV Rehberim.release.xcconfig"; sourceTree = "<group>"; };
		76C3272A45AC6EB257865157 /* Pods-TV Rehberim.debug.xcconfig */ = {isa = PBXFileReference; includeInIndex = 1; lastKnownFileType = text.xcconfig; name = "Pods-TV Rehberim.debug.xcconfig"; path = "Pods/Target Support Files/Pods-TV Rehberim/Pods-TV Rehberim.debug.xcconfig"; sourceTree = "<group>"; };
		CBB3445AF68B2350D7087383 /* Pods_TV_Rehberim.framework */ = {isa = PBXFileReference; explicitFileType = wrapper.framework; includeInIndex = 0; path = Pods_TV_Rehberim.framework; sourceTree = BUILT_PRODUCTS_DIR; };
		F253310921EFF2CD007B7BEC /* SearchBar.swift */ = {isa = PBXFileReference; lastKnownFileType = sourcecode.swift; path = SearchBar.swift; sourceTree = "<group>"; };
		F271BCAE21F3376900D8A974 /* functions.swift */ = {isa = PBXFileReference; lastKnownFileType = sourcecode.swift; path = functions.swift; sourceTree = "<group>"; };
		F278E96021E2675100C7425E /* TV Rehberim.app */ = {isa = PBXFileReference; explicitFileType = wrapper.application; includeInIndex = 0; path = "TV Rehberim.app"; sourceTree = BUILT_PRODUCTS_DIR; };
		F278E96321E2675100C7425E /* AppDelegate.swift */ = {isa = PBXFileReference; lastKnownFileType = sourcecode.swift; path = AppDelegate.swift; sourceTree = "<group>"; };
		F278E96A21E2675100C7425E /* Base */ = {isa = PBXFileReference; lastKnownFileType = file.storyboard; name = Base; path = Base.lproj/Main.storyboard; sourceTree = "<group>"; };
		F278E96C21E2676600C7425E /* Assets.xcassets */ = {isa = PBXFileReference; lastKnownFileType = folder.assetcatalog; path = Assets.xcassets; sourceTree = "<group>"; };
		F278E96F21E2676600C7425E /* Base */ = {isa = PBXFileReference; lastKnownFileType = file.storyboard; name = Base; path = Base.lproj/LaunchScreen.storyboard; sourceTree = "<group>"; };
		F278E97121E2676600C7425E /* Info.plist */ = {isa = PBXFileReference; lastKnownFileType = text.plist.xml; path = Info.plist; sourceTree = "<group>"; };
		F278E97721E2759B00C7425E /* channelsVC.swift */ = {isa = PBXFileReference; lastKnownFileType = sourcecode.swift; path = channelsVC.swift; sourceTree = "<group>"; };
		F278E97D21E27CA900C7425E /* channelsCVCell.swift */ = {isa = PBXFileReference; lastKnownFileType = sourcecode.swift; path = channelsCVCell.swift; sourceTree = "<group>"; };
		F278E97F21E2850E00C7425E /* jsonData.swift */ = {isa = PBXFileReference; fileEncoding = 4; lastKnownFileType = sourcecode.swift; path = jsonData.swift; sourceTree = "<group>"; };
		F278E98321E4AAD900C7425E /* categoryCVCell.swift */ = {isa = PBXFileReference; lastKnownFileType = sourcecode.swift; path = categoryCVCell.swift; sourceTree = "<group>"; };
		F2B75B922201111800E42950 /* remindedProgrammeVC.swift */ = {isa = PBXFileReference; fileEncoding = 4; lastKnownFileType = sourcecode.swift; path = remindedProgrammeVC.swift; sourceTree = "<group>"; };
		F2B75B942202690500E42950 /* programmeDetailVC.swift */ = {isa = PBXFileReference; lastKnownFileType = sourcecode.swift; path = programmeDetailVC.swift; sourceTree = "<group>"; };
		F2C81AFE22077F9B0008F983 /* moreVC.swift */ = {isa = PBXFileReference; lastKnownFileType = sourcecode.swift; path = moreVC.swift; sourceTree = "<group>"; };
		F2C81B012207A32F0008F983 /* aboutVC.swift */ = {isa = PBXFileReference; lastKnownFileType = sourcecode.swift; path = aboutVC.swift; sourceTree = "<group>"; };
		F2EAFA3D2209766D0089F6F7 /* ViewControllerPannable.swift */ = {isa = PBXFileReference; fileEncoding = 4; lastKnownFileType = sourcecode.swift; path = ViewControllerPannable.swift; sourceTree = "<group>"; };
		F2F1832122CA285600292E6D /* TV_Rehberim-bridging-header.h */ = {isa = PBXFileReference; lastKnownFileType = sourcecode.c.h; path = "TV_Rehberim-bridging-header.h"; sourceTree = "<group>"; };
		F2F1832222CA5C5B00292E6D /* storeReviewHelper.swift */ = {isa = PBXFileReference; lastKnownFileType = sourcecode.swift; path = storeReviewHelper.swift; sourceTree = "<group>"; };
		F2F1832422CA643500292E6D /* bg.png */ = {isa = PBXFileReference; lastKnownFileType = image.png; path = bg.png; sourceTree = "<group>"; };
		F2F6BB1321F143B700779E6C /* channelDetailVC.swift */ = {isa = PBXFileReference; lastKnownFileType = sourcecode.swift; path = channelDetailVC.swift; sourceTree = "<group>"; };
		F2F6BB1621F145B400779E6C /* channelTVCell.swift */ = {isa = PBXFileReference; lastKnownFileType = sourcecode.swift; path = channelTVCell.swift; sourceTree = "<group>"; };
/* End PBXFileReference section */

/* Begin PBXFrameworksBuildPhase section */
		F278E95D21E2675100C7425E /* Frameworks */ = {
			isa = PBXFrameworksBuildPhase;
			buildActionMask = 2147483647;
			files = (
				3F70D1B1AF84CE156129BEE7 /* Pods_TV_Rehberim.framework in Frameworks */,
			);
			runOnlyForDeploymentPostprocessing = 0;
		};
/* End PBXFrameworksBuildPhase section */

/* Begin PBXGroup section */
		48BDFD2D0DA22D7592F58296 /* Pods */ = {
			isa = PBXGroup;
			children = (
				76C3272A45AC6EB257865157 /* Pods-TV Rehberim.debug.xcconfig */,
				39A060A003F9941900472F9C /* Pods-TV Rehberim.release.xcconfig */,
			);
			name = Pods;
			sourceTree = "<group>";
		};
		BEF551D4453DDF04AEB3AE2B /* Frameworks */ = {
			isa = PBXGroup;
			children = (
				CBB3445AF68B2350D7087383 /* Pods_TV_Rehberim.framework */,
			);
			name = Frameworks;
			sourceTree = "<group>";
		};
		F253310B21EFF2F5007B7BEC /* Class and Function */ = {
			isa = PBXGroup;
			children = (
				F2F1832222CA5C5B00292E6D /* storeReviewHelper.swift */,
				F2EAFA3D2209766D0089F6F7 /* ViewControllerPannable.swift */,
				F278E97F21E2850E00C7425E /* jsonData.swift */,
				F253310921EFF2CD007B7BEC /* SearchBar.swift */,
				F271BCAE21F3376900D8A974 /* functions.swift */,
			);
			path = "Class and Function";
			sourceTree = "<group>";
		};
		F278E95721E2675000C7425E = {
			isa = PBXGroup;
			children = (
				F278E96221E2675100C7425E /* TV Rehberim */,
				F278E96121E2675100C7425E /* Products */,
				48BDFD2D0DA22D7592F58296 /* Pods */,
				BEF551D4453DDF04AEB3AE2B /* Frameworks */,
			);
			sourceTree = "<group>";
		};
		F278E96121E2675100C7425E /* Products */ = {
			isa = PBXGroup;
			children = (
				F278E96021E2675100C7425E /* TV Rehberim.app */,
			);
			name = Products;
			sourceTree = "<group>";
		};
		F278E96221E2675100C7425E /* TV Rehberim */ = {
			isa = PBXGroup;
			children = (
				F2F1832422CA643500292E6D /* bg.png */,
				F278E96921E2675100C7425E /* Main.storyboard */,
				F278E96321E2675100C7425E /* AppDelegate.swift */,
				F253310B21EFF2F5007B7BEC /* Class and Function */,
				F278E97C21E27B8400C7425E /* Channels View  */,
				F2F6BB1521F143BE00779E6C /* Channel Detail View */,
				F2B75B91220110F300E42950 /* Reminded Programme View  */,
				F2B75B962202691B00E42950 /* Programme Detail Popup View  */,
				F2C81B0022077FE50008F983 /* More */,
				F278E96C21E2676600C7425E /* Assets.xcassets */,
				F278E96E21E2676600C7425E /* LaunchScreen.storyboard */,
				F278E97121E2676600C7425E /* Info.plist */,
				F2F1832122CA285600292E6D /* TV_Rehberim-bridging-header.h */,
			);
			path = "TV Rehberim";
			sourceTree = "<group>";
		};
		F278E97C21E27B8400C7425E /* Channels View  */ = {
			isa = PBXGroup;
			children = (
				F278E97721E2759B00C7425E /* channelsVC.swift */,
				F278E97D21E27CA900C7425E /* channelsCVCell.swift */,
				F278E98321E4AAD900C7425E /* categoryCVCell.swift */,
			);
			path = "Channels View ";
			sourceTree = "<group>";
		};
		F2B75B91220110F300E42950 /* Reminded Programme View  */ = {
			isa = PBXGroup;
			children = (
				F2B75B922201111800E42950 /* remindedProgrammeVC.swift */,
			);
			path = "Reminded Programme View ";
			sourceTree = "<group>";
		};
		F2B75B962202691B00E42950 /* Programme Detail Popup View  */ = {
			isa = PBXGroup;
			children = (
				F2B75B942202690500E42950 /* programmeDetailVC.swift */,
			);
			path = "Programme Detail Popup View ";
			sourceTree = "<group>";
		};
		F2C81B0022077FE50008F983 /* More */ = {
			isa = PBXGroup;
			children = (
				F2C81AFE22077F9B0008F983 /* moreVC.swift */,
				F2C81B012207A32F0008F983 /* aboutVC.swift */,
			);
			path = More;
			sourceTree = "<group>";
		};
		F2F6BB1521F143BE00779E6C /* Channel Detail View */ = {
			isa = PBXGroup;
			children = (
				F2F6BB1321F143B700779E6C /* channelDetailVC.swift */,
				F2F6BB1621F145B400779E6C /* channelTVCell.swift */,
			);
			path = "Channel Detail View";
			sourceTree = "<group>";
		};
/* End PBXGroup section */

/* Begin PBXNativeTarget section */
		F278E95F21E2675100C7425E /* TV Rehberim */ = {
			isa = PBXNativeTarget;
			buildConfigurationList = F278E97421E2676700C7425E /* Build configuration list for PBXNativeTarget "TV Rehberim" */;
			buildPhases = (
				9A830A515BCBAF6C5DC079CE /* [CP] Check Pods Manifest.lock */,
				F278E95C21E2675100C7425E /* Sources */,
				F278E95D21E2675100C7425E /* Frameworks */,
				F278E95E21E2675100C7425E /* Resources */,
				0F39FC947257F0F6FC0B9187 /* [CP] Embed Pods Frameworks */,
			);
			buildRules = (
			);
			dependencies = (
			);
			name = "TV Rehberim";
			productName = "TV Rehberim";
			productReference = F278E96021E2675100C7425E /* TV Rehberim.app */;
			productType = "com.apple.product-type.application";
		};
/* End PBXNativeTarget section */

/* Begin PBXProject section */
		F278E95821E2675000C7425E /* Project object */ = {
			isa = PBXProject;
			attributes = {
				LastSwiftUpdateCheck = 1010;
				LastUpgradeCheck = 1010;
				ORGANIZATIONNAME = "Nevzat BOZKURT";
				TargetAttributes = {
					F278E95F21E2675100C7425E = {
						CreatedOnToolsVersion = 10.1;
						LastSwiftMigration = 1020;
					};
				};
			};
			buildConfigurationList = F278E95B21E2675100C7425E /* Build configuration list for PBXProject "TV Rehberim" */;
			compatibilityVersion = "Xcode 9.3";
			developmentRegion = en;
			hasScannedForEncodings = 0;
			knownRegions = (
				en,
				Base,
			);
			mainGroup = F278E95721E2675000C7425E;
			productRefGroup = F278E96121E2675100C7425E /* Products */;
			projectDirPath = "";
			projectRoot = "";
			targets = (
				F278E95F21E2675100C7425E /* TV Rehberim */,
			);
		};
/* End PBXProject section */

/* Begin PBXResourcesBuildPhase section */
		F278E95E21E2675100C7425E /* Resources */ = {
			isa = PBXResourcesBuildPhase;
			buildActionMask = 2147483647;
			files = (
				F278E97021E2676600C7425E /* LaunchScreen.storyboard in Resources */,
				F278E96D21E2676600C7425E /* Assets.xcassets in Resources */,
				F2F1832522CA643500292E6D /* bg.png in Resources */,
				F278E96B21E2675100C7425E /* Main.storyboard in Resources */,
			);
			runOnlyForDeploymentPostprocessing = 0;
		};
/* End PBXResourcesBuildPhase section */

/* Begin PBXShellScriptBuildPhase section */
		0F39FC947257F0F6FC0B9187 /* [CP] Embed Pods Frameworks */ = {
			isa = PBXShellScriptBuildPhase;
			buildActionMask = 2147483647;
			files = (
			);
			inputPaths = (
				"${SRCROOT}/Pods/Target Support Files/Pods-TV Rehberim/Pods-TV Rehberim-frameworks.sh",
				"${BUILT_PRODUCTS_DIR}/Alamofire/Alamofire.framework",
				"${BUILT_PRODUCTS_DIR}/GoogleUtilities/GoogleUtilities.framework",
				"${BUILT_PRODUCTS_DIR}/SDWebImage/SDWebImage.framework",
				"${BUILT_PRODUCTS_DIR}/SwiftyJSON/SwiftyJSON.framework",
				"${BUILT_PRODUCTS_DIR}/nanopb/nanopb.framework",
			);
			name = "[CP] Embed Pods Frameworks";
			outputPaths = (
				"${TARGET_BUILD_DIR}/${FRAMEWORKS_FOLDER_PATH}/Alamofire.framework",
				"${TARGET_BUILD_DIR}/${FRAMEWORKS_FOLDER_PATH}/GoogleUtilities.framework",
				"${TARGET_BUILD_DIR}/${FRAMEWORKS_FOLDER_PATH}/SDWebImage.framework",
				"${TARGET_BUILD_DIR}/${FRAMEWORKS_FOLDER_PATH}/SwiftyJSON.framework",
				"${TARGET_BUILD_DIR}/${FRAMEWORKS_FOLDER_PATH}/nanopb.framework",
			);
			runOnlyForDeploymentPostprocessing = 0;
			shellPath = /bin/sh;
			shellScript = "\"${SRCROOT}/Pods/Target Support Files/Pods-TV Rehberim/Pods-TV Rehberim-frameworks.sh\"\n";
			showEnvVarsInLog = 0;
		};
		9A830A515BCBAF6C5DC079CE /* [CP] Check Pods Manifest.lock */ = {
			isa = PBXShellScriptBuildPhase;
			buildActionMask = 2147483647;
			files = (
			);
			inputPaths = (
				"${PODS_PODFILE_DIR_PATH}/Podfile.lock",
				"${PODS_ROOT}/Manifest.lock",
			);
			name = "[CP] Check Pods Manifest.lock";
			outputPaths = (
				"$(DERIVED_FILE_DIR)/Pods-TV Rehberim-checkManifestLockResult.txt",
			);
			runOnlyForDeploymentPostprocessing = 0;
			shellPath = /bin/sh;
			shellScript = "diff \"${PODS_PODFILE_DIR_PATH}/Podfile.lock\" \"${PODS_ROOT}/Manifest.lock\" > /dev/null\nif [ $? != 0 ] ; then\n    # print error to STDERR\n    echo \"error: The sandbox is not in sync with the Podfile.lock. Run 'pod install' or update your CocoaPods installation.\" >&2\n    exit 1\nfi\n# This output is used by Xcode 'outputs' to avoid re-running this script phase.\necho \"SUCCESS\" > \"${SCRIPT_OUTPUT_FILE_0}\"\n";
			showEnvVarsInLog = 0;
		};
/* End PBXShellScriptBuildPhase section */

/* Begin PBXSourcesBuildPhase section */
		F278E95C21E2675100C7425E /* Sources */ = {
			isa = PBXSourcesBuildPhase;
			buildActionMask = 2147483647;
			files = (
				F278E98021E2850E00C7425E /* jsonData.swift in Sources */,
				F2F6BB1721F145B400779E6C /* channelTVCell.swift in Sources */,
				F278E97821E2759B00C7425E /* channelsVC.swift in Sources */,
				F2EAFA3E2209766D0089F6F7 /* ViewControllerPannable.swift in Sources */,
				F2B75B932201111800E42950 /* remindedProgrammeVC.swift in Sources */,
				F271BCAF21F3376900D8A974 /* functions.swift in Sources */,
				F2F6BB1421F143B700779E6C /* channelDetailVC.swift in Sources */,
				F278E97E21E27CA900C7425E /* channelsCVCell.swift in Sources */,
				F2C81AFF22077F9B0008F983 /* moreVC.swift in Sources */,
				F2F1832322CA5C5B00292E6D /* storeReviewHelper.swift in Sources */,
				F2B75B952202690500E42950 /* programmeDetailVC.swift in Sources */,
				F278E98421E4AAD900C7425E /* categoryCVCell.swift in Sources */,
				F278E96421E2675100C7425E /* AppDelegate.swift in Sources */,
				F2C81B022207A32F0008F983 /* aboutVC.swift in Sources */,
				F253310A21EFF2CD007B7BEC /* SearchBar.swift in Sources */,
			);
			runOnlyForDeploymentPostprocessing = 0;
		};
/* End PBXSourcesBuildPhase section */

/* Begin PBXVariantGroup section */
		F278E96921E2675100C7425E /* Main.storyboard */ = {
			isa = PBXVariantGroup;
			children = (
				F278E96A21E2675100C7425E /* Base */,
			);
			name = Main.storyboard;
			sourceTree = "<group>";
		};
		F278E96E21E2676600C7425E /* LaunchScreen.storyboard */ = {
			isa = PBXVariantGroup;
			children = (
				F278E96F21E2676600C7425E /* Base */,
			);
			name = LaunchScreen.storyboard;
			sourceTree = "<group>";
		};
/* End PBXVariantGroup section */

/* Begin XCBuildConfiguration section */
		F278E97221E2676700C7425E /* Debug */ = {
			isa = XCBuildConfiguration;
			buildSettings = {
				ALWAYS_SEARCH_USER_PATHS = NO;
				CLANG_ANALYZER_NONNULL = YES;
				CLANG_ANALYZER_NUMBER_OBJECT_CONVERSION = YES_AGGRESSIVE;
				CLANG_CXX_LANGUAGE_STANDARD = "gnu++14";
				CLANG_CXX_LIBRARY = "libc++";
				CLANG_ENABLE_MODULES = YES;
				CLANG_ENABLE_OBJC_ARC = YES;
				CLANG_ENABLE_OBJC_WEAK = YES;
				CLANG_WARN_BLOCK_CAPTURE_AUTORELEASING = YES;
				CLANG_WARN_BOOL_CONVERSION = YES;
				CLANG_WARN_COMMA = YES;
				CLANG_WARN_CONSTANT_CONVERSION = YES;
				CLANG_WARN_DEPRECATED_OBJC_IMPLEMENTATIONS = YES;
				CLANG_WARN_DIRECT_OBJC_ISA_USAGE = YES_ERROR;
				CLANG_WARN_DOCUMENTATION_COMMENTS = YES;
				CLANG_WARN_EMPTY_BODY = YES;
				CLANG_WARN_ENUM_CONVERSION = YES;
				CLANG_WARN_INFINITE_RECURSION = YES;
				CLANG_WARN_INT_CONVERSION = YES;
				CLANG_WARN_NON_LITERAL_NULL_CONVERSION = YES;
				CLANG_WARN_OBJC_IMPLICIT_RETAIN_SELF = YES;
				CLANG_WARN_OBJC_LITERAL_CONVERSION = YES;
				CLANG_WARN_OBJC_ROOT_CLASS = YES_ERROR;
				CLANG_WARN_RANGE_LOOP_ANALYSIS = YES;
				CLANG_WARN_STRICT_PROTOTYPES = YES;
				CLANG_WARN_SUSPICIOUS_MOVE = YES;
				CLANG_WARN_UNGUARDED_AVAILABILITY = YES_AGGRESSIVE;
				CLANG_WARN_UNREACHABLE_CODE = YES;
				CLANG_WARN__DUPLICATE_METHOD_MATCH = YES;
				CODE_SIGN_IDENTITY = "iPhone Developer";
				COPY_PHASE_STRIP = NO;
				DEBUG_INFORMATION_FORMAT = dwarf;
				ENABLE_STRICT_OBJC_MSGSEND = YES;
				ENABLE_TESTABILITY = YES;
				GCC_C_LANGUAGE_STANDARD = gnu11;
				GCC_DYNAMIC_NO_PIC = NO;
				GCC_NO_COMMON_BLOCKS = YES;
				GCC_OPTIMIZATION_LEVEL = 0;
				GCC_PREPROCESSOR_DEFINITIONS = (
					"DEBUG=1",
					"$(inherited)",
				);
				GCC_WARN_64_TO_32_BIT_CONVERSION = YES;
				GCC_WARN_ABOUT_RETURN_TYPE = YES_ERROR;
				GCC_WARN_UNDECLARED_SELECTOR = YES;
				GCC_WARN_UNINITIALIZED_AUTOS = YES_AGGRESSIVE;
				GCC_WARN_UNUSED_FUNCTION = YES;
				GCC_WARN_UNUSED_VARIABLE = YES;
				IPHONEOS_DEPLOYMENT_TARGET = 12.1;
				MTL_ENABLE_DEBUG_INFO = INCLUDE_SOURCE;
				MTL_FAST_MATH = YES;
				ONLY_ACTIVE_ARCH = YES;
				SDKROOT = iphoneos;
				SWIFT_ACTIVE_COMPILATION_CONDITIONS = DEBUG;
				SWIFT_OPTIMIZATION_LEVEL = "-Onone";
			};
			name = Debug;
		};
		F278E97321E2676700C7425E /* Release */ = {
			isa = XCBuildConfiguration;
			buildSettings = {
				ALWAYS_SEARCH_USER_PATHS = NO;
				CLANG_ANALYZER_NONNULL = YES;
				CLANG_ANALYZER_NUMBER_OBJECT_CONVERSION = YES_AGGRESSIVE;
				CLANG_CXX_LANGUAGE_STANDARD = "gnu++14";
				CLANG_CXX_LIBRARY = "libc++";
				CLANG_ENABLE_MODULES = YES;
				CLANG_ENABLE_OBJC_ARC = YES;
				CLANG_ENABLE_OBJC_WEAK = YES;
				CLANG_WARN_BLOCK_CAPTURE_AUTORELEASING = YES;
				CLANG_WARN_BOOL_CONVERSION = YES;
				CLANG_WARN_COMMA = YES;
				CLANG_WARN_CONSTANT_CONVERSION = YES;
				CLANG_WARN_DEPRECATED_OBJC_IMPLEMENTATIONS = YES;
				CLANG_WARN_DIRECT_OBJC_ISA_USAGE = YES_ERROR;
				CLANG_WARN_DOCUMENTATION_COMMENTS = YES;
				CLANG_WARN_EMPTY_BODY = YES;
				CLANG_WARN_ENUM_CONVERSION = YES;
				CLANG_WARN_INFINITE_RECURSION = YES;
				CLANG_WARN_INT_CONVERSION = YES;
				CLANG_WARN_NON_LITERAL_NULL_CONVERSION = YES;
				CLANG_WARN_OBJC_IMPLICIT_RETAIN_SELF = YES;
				CLANG_WARN_OBJC_LITERAL_CONVERSION = YES;
				CLANG_WARN_OBJC_ROOT_CLASS = YES_ERROR;
				CLANG_WARN_RANGE_LOOP_ANALYSIS = YES;
				CLANG_WARN_STRICT_PROTOTYPES = YES;
				CLANG_WARN_SUSPICIOUS_MOVE = YES;
				CLANG_WARN_UNGUARDED_AVAILABILITY = YES_AGGRESSIVE;
				CLANG_WARN_UNREACHABLE_CODE = YES;
				CLANG_WARN__DUPLICATE_METHOD_MATCH = YES;
				CODE_SIGN_IDENTITY = "iPhone Developer";
				COPY_PHASE_STRIP = NO;
				DEBUG_INFORMATION_FORMAT = "dwarf-with-dsym";
				ENABLE_NS_ASSERTIONS = NO;
				ENABLE_STRICT_OBJC_MSGSEND = YES;
				GCC_C_LANGUAGE_STANDARD = gnu11;
				GCC_NO_COMMON_BLOCKS = YES;
				GCC_WARN_64_TO_32_BIT_CONVERSION = YES;
				GCC_WARN_ABOUT_RETURN_TYPE = YES_ERROR;
				GCC_WARN_UNDECLARED_SELECTOR = YES;
				GCC_WARN_UNINITIALIZED_AUTOS = YES_AGGRESSIVE;
				GCC_WARN_UNUSED_FUNCTION = YES;
				GCC_WARN_UNUSED_VARIABLE = YES;
				IPHONEOS_DEPLOYMENT_TARGET = 12.1;
				MTL_ENABLE_DEBUG_INFO = NO;
				MTL_FAST_MATH = YES;
				SDKROOT = iphoneos;
				SWIFT_COMPILATION_MODE = wholemodule;
				SWIFT_OPTIMIZATION_LEVEL = "-O";
				VALIDATE_PRODUCT = YES;
			};
			name = Release;
		};
		F278E97521E2676700C7425E /* Debug */ = {
			isa = XCBuildConfiguration;
			baseConfigurationReference = 76C3272A45AC6EB257865157 /* Pods-TV Rehberim.debug.xcconfig */;
			buildSettings = {
				ASSETCATALOG_COMPILER_APPICON_NAME = AppIcon;
				CODE_SIGN_STYLE = Automatic;
				DEVELOPMENT_TEAM = 89TMSY79N6;
				INFOPLIST_FILE = "TV Rehberim/Info.plist";
				IPHONEOS_DEPLOYMENT_TARGET = 9.0;
				LD_RUNPATH_SEARCH_PATHS = (
					"$(inherited)",
					"@executable_path/Frameworks",
				);
				PRODUCT_BUNDLE_IDENTIFIER = "com.nevzatbozkurt.TV-Rehberim";
				PRODUCT_NAME = "$(TARGET_NAME)";
				SWIFT_OBJC_BRIDGING_HEADER = "TV Rehberim/TV_Rehberim-bridging-header.h";
				SWIFT_VERSION = 5.0;
				TARGETED_DEVICE_FAMILY = "1,2";
			};
			name = Debug;
		};
		F278E97621E2676700C7425E /* Release */ = {
			isa = XCBuildConfiguration;
			baseConfigurationReference = 39A060A003F9941900472F9C /* Pods-TV Rehberim.release.xcconfig */;
			buildSettings = {
				ASSETCATALOG_COMPILER_APPICON_NAME = AppIcon;
				CODE_SIGN_STYLE = Automatic;
				DEVELOPMENT_TEAM = 89TMSY79N6;
				INFOPLIST_FILE = "TV Rehberim/Info.plist";
				IPHONEOS_DEPLOYMENT_TARGET = 9.0;
				LD_RUNPATH_SEARCH_PATHS = (
					"$(inherited)",
					"@executable_path/Frameworks",
				);
				PRODUCT_BUNDLE_IDENTIFIER = "com.nevzatbozkurt.TV-Rehberim";
				PRODUCT_NAME = "$(TARGET_NAME)";
				SWIFT_OBJC_BRIDGING_HEADER = "TV Rehberim/TV_Rehberim-bridging-header.h";
				SWIFT_VERSION = 5.0;
				TARGETED_DEVICE_FAMILY = "1,2";
			};
			name = Release;
		};
/* End XCBuildConfiguration section */

/* Begin XCConfigurationList section */
		F278E95B21E2675100C7425E /* Build configuration list for PBXProject "TV Rehberim" */ = {
			isa = XCConfigurationList;
			buildConfigurations = (
				F278E97221E2676700C7425E /* Debug */,
				F278E97321E2676700C7425E /* Release */,
			);
			defaultConfigurationIsVisible = 0;
			defaultConfigurationName = Release;
		};
		F278E97421E2676700C7425E /* Build configuration list for PBXNativeTarget "TV Rehberim" */ = {
			isa = XCConfigurationList;
			buildConfigurations = (
				F278E97521E2676700C7425E /* Debug */,
				F278E97621E2676700C7425E /* Release */,
			);
			defaultConfigurationIsVisible = 0;
			defaultConfigurationName = Release;
		};
/* End XCConfigurationList section */
	};
	rootObject = F278E95821E2675000C7425E /* Project object */;
}
